// !$*UTF8*$!
{
	archiveVersion = 1;
	classes = {
	};
	objectVersion = 56;
	objects = {

/* Begin PBXBuildFile section */
		CD75903B298F502E00303CAF /* MatchSetType.swift in Sources */ = {isa = PBXBuildFile; fileRef = CD75903A298F502E00303CAF /* MatchSetType.swift */; };
		CD75903E298F544200303CAF /* Player.swift in Sources */ = {isa = PBXBuildFile; fileRef = CD75903D298F544200303CAF /* Player.swift */; };
		CD7590412991B7A200303CAF /* SetSummary.swift in Sources */ = {isa = PBXBuildFile; fileRef = CD7590402991B7A200303CAF /* SetSummary.swift */; };
		CD95D411298C913900037F68 /* Match.swift in Sources */ = {isa = PBXBuildFile; fileRef = CD95D410298C913900037F68 /* Match.swift */; };
		CD95D413298C915B00037F68 /* MatchOptions.swift in Sources */ = {isa = PBXBuildFile; fileRef = CD95D412298C915B00037F68 /* MatchOptions.swift */; };
		CD95D415298C917D00037F68 /* Set.swift in Sources */ = {isa = PBXBuildFile; fileRef = CD95D414298C917D00037F68 /* Set.swift */; };
		CD95D417298C919300037F68 /* Game.swift in Sources */ = {isa = PBXBuildFile; fileRef = CD95D416298C919300037F68 /* Game.swift */; };
		CD95D419298C91B700037F68 /* GamePoint.swift in Sources */ = {isa = PBXBuildFile; fileRef = CD95D418298C91B700037F68 /* GamePoint.swift */; };
		CD95D41B298C920000037F68 /* GamePointTests.swift in Sources */ = {isa = PBXBuildFile; fileRef = CD95D41A298C920000037F68 /* GamePointTests.swift */; };
		CD95D41D298C925D00037F68 /* MatchOptionsTests.swift in Sources */ = {isa = PBXBuildFile; fileRef = CD95D41C298C925D00037F68 /* MatchOptionsTests.swift */; };
		CD95D424298C96FF00037F68 /* SetTests.swift in Sources */ = {isa = PBXBuildFile; fileRef = CD95D423298C96FF00037F68 /* SetTests.swift */; };
		CD95D426298C9C1200037F68 /* TieBreakTests.swift in Sources */ = {isa = PBXBuildFile; fileRef = CD95D425298C9C1200037F68 /* TieBreakTests.swift */; };
		CD95D428298C9CE300037F68 /* TieBreak.swift in Sources */ = {isa = PBXBuildFile; fileRef = CD95D427298C9CE300037F68 /* TieBreak.swift */; };
		CD95D430298D864100037F68 /* ServiceType.swift in Sources */ = {isa = PBXBuildFile; fileRef = CD95D42F298D864100037F68 /* ServiceType.swift */; };
		CDB709FA29888CE200002C96 /* TennisTrackerEngine.framework in Frameworks */ = {isa = PBXBuildFile; fileRef = CDB709F129888CE100002C96 /* TennisTrackerEngine.framework */; };
		CDB70A0A29888DC000002C96 /* GameTests.swift in Sources */ = {isa = PBXBuildFile; fileRef = CDB70A0929888DC000002C96 /* GameTests.swift */; };
		CDB70A0C29888E3700002C96 /* MatchTests.swift in Sources */ = {isa = PBXBuildFile; fileRef = CDB70A0B29888E3700002C96 /* MatchTests.swift */; };
/* End PBXBuildFile section */

/* Begin PBXContainerItemProxy section */
		CDB709FB29888CE200002C96 /* PBXContainerItemProxy */ = {
			isa = PBXContainerItemProxy;
			containerPortal = CDB709E829888CE100002C96 /* Project object */;
			proxyType = 1;
			remoteGlobalIDString = CDB709F029888CE100002C96;
			remoteInfo = TennisTrackerEngine;
		};
/* End PBXContainerItemProxy section */

/* Begin PBXFileReference section */
		CD75903A298F502E00303CAF /* MatchSetType.swift */ = {isa = PBXFileReference; lastKnownFileType = sourcecode.swift; path = MatchSetType.swift; sourceTree = "<group>"; };
		CD75903D298F544200303CAF /* Player.swift */ = {isa = PBXFileReference; lastKnownFileType = sourcecode.swift; path = Player.swift; sourceTree = "<group>"; };
		CD7590402991B7A200303CAF /* SetSummary.swift */ = {isa = PBXFileReference; lastKnownFileType = sourcecode.swift; path = SetSummary.swift; sourceTree = "<group>"; };
		CD95D410298C913900037F68 /* Match.swift */ = {isa = PBXFileReference; lastKnownFileType = sourcecode.swift; path = Match.swift; sourceTree = "<group>"; };
		CD95D412298C915B00037F68 /* MatchOptions.swift */ = {isa = PBXFileReference; lastKnownFileType = sourcecode.swift; path = MatchOptions.swift; sourceTree = "<group>"; };
		CD95D414298C917D00037F68 /* Set.swift */ = {isa = PBXFileReference; lastKnownFileType = sourcecode.swift; path = Set.swift; sourceTree = "<group>"; };
		CD95D416298C919300037F68 /* Game.swift */ = {isa = PBXFileReference; lastKnownFileType = sourcecode.swift; path = Game.swift; sourceTree = "<group>"; };
		CD95D418298C91B700037F68 /* GamePoint.swift */ = {isa = PBXFileReference; lastKnownFileType = sourcecode.swift; path = GamePoint.swift; sourceTree = "<group>"; };
		CD95D41A298C920000037F68 /* GamePointTests.swift */ = {isa = PBXFileReference; lastKnownFileType = sourcecode.swift; path = GamePointTests.swift; sourceTree = "<group>"; };
		CD95D41C298C925D00037F68 /* MatchOptionsTests.swift */ = {isa = PBXFileReference; lastKnownFileType = sourcecode.swift; path = MatchOptionsTests.swift; sourceTree = "<group>"; };
		CD95D423298C96FF00037F68 /* SetTests.swift */ = {isa = PBXFileReference; lastKnownFileType = sourcecode.swift; path = SetTests.swift; sourceTree = "<group>"; };
		CD95D425298C9C1200037F68 /* TieBreakTests.swift */ = {isa = PBXFileReference; lastKnownFileType = sourcecode.swift; path = TieBreakTests.swift; sourceTree = "<group>"; };
		CD95D427298C9CE300037F68 /* TieBreak.swift */ = {isa = PBXFileReference; lastKnownFileType = sourcecode.swift; path = TieBreak.swift; sourceTree = "<group>"; };
		CD95D42F298D864100037F68 /* ServiceType.swift */ = {isa = PBXFileReference; lastKnownFileType = sourcecode.swift; path = ServiceType.swift; sourceTree = "<group>"; };
		CDB709F129888CE100002C96 /* TennisTrackerEngine.framework */ = {isa = PBXFileReference; explicitFileType = wrapper.framework; includeInIndex = 0; path = TennisTrackerEngine.framework; sourceTree = BUILT_PRODUCTS_DIR; };
		CDB709F929888CE200002C96 /* TennisTrackerEngineTests.xctest */ = {isa = PBXFileReference; explicitFileType = wrapper.cfbundle; includeInIndex = 0; path = TennisTrackerEngineTests.xctest; sourceTree = BUILT_PRODUCTS_DIR; };
		CDB70A0929888DC000002C96 /* GameTests.swift */ = {isa = PBXFileReference; lastKnownFileType = sourcecode.swift; path = GameTests.swift; sourceTree = "<group>"; };
		CDB70A0B29888E3700002C96 /* MatchTests.swift */ = {isa = PBXFileReference; lastKnownFileType = sourcecode.swift; path = MatchTests.swift; sourceTree = "<group>"; };
/* End PBXFileReference section */

/* Begin PBXFrameworksBuildPhase section */
		CDB709EE29888CE100002C96 /* Frameworks */ = {
			isa = PBXFrameworksBuildPhase;
			buildActionMask = 2147483647;
			files = (
			);
			runOnlyForDeploymentPostprocessing = 0;
		};
		CDB709F629888CE200002C96 /* Frameworks */ = {
			isa = PBXFrameworksBuildPhase;
			buildActionMask = 2147483647;
			files = (
				CDB709FA29888CE200002C96 /* TennisTrackerEngine.framework in Frameworks */,
			);
			runOnlyForDeploymentPostprocessing = 0;
		};
/* End PBXFrameworksBuildPhase section */

/* Begin PBXGroup section */
		CDB709E729888CE100002C96 = {
			isa = PBXGroup;
			children = (
				CDB709F329888CE100002C96 /* TennisTrackerEngine */,
				CDB709FD29888CE200002C96 /* TennisTrackerEngineTests */,
				CDB709F229888CE100002C96 /* Products */,
			);
			sourceTree = "<group>";
		};
		CDB709F229888CE100002C96 /* Products */ = {
			isa = PBXGroup;
			children = (
				CDB709F129888CE100002C96 /* TennisTrackerEngine.framework */,
				CDB709F929888CE200002C96 /* TennisTrackerEngineTests.xctest */,
			);
			name = Products;
			sourceTree = "<group>";
		};
		CDB709F329888CE100002C96 /* TennisTrackerEngine */ = {
			isa = PBXGroup;
			children = (
				CD95D416298C919300037F68 /* Game.swift */,
				CD95D418298C91B700037F68 /* GamePoint.swift */,
				CD95D410298C913900037F68 /* Match.swift */,
				CD95D412298C915B00037F68 /* MatchOptions.swift */,
				CD75903A298F502E00303CAF /* MatchSetType.swift */,
				CD75903D298F544200303CAF /* Player.swift */,
				CD95D42F298D864100037F68 /* ServiceType.swift */,
				CD95D414298C917D00037F68 /* Set.swift */,
				CD7590402991B7A200303CAF /* SetSummary.swift */,
				CD95D427298C9CE300037F68 /* TieBreak.swift */,
			);
			path = TennisTrackerEngine;
			sourceTree = "<group>";
		};
		CDB709FD29888CE200002C96 /* TennisTrackerEngineTests */ = {
			isa = PBXGroup;
			children = (
				CD95D41A298C920000037F68 /* GamePointTests.swift */,
				CDB70A0929888DC000002C96 /* GameTests.swift */,
				CD95D41C298C925D00037F68 /* MatchOptionsTests.swift */,
				CDB70A0B29888E3700002C96 /* MatchTests.swift */,
				CD95D423298C96FF00037F68 /* SetTests.swift */,
				CD95D425298C9C1200037F68 /* TieBreakTests.swift */,
			);
			path = TennisTrackerEngineTests;
			sourceTree = "<group>";
		};
/* End PBXGroup section */

/* Begin PBXHeadersBuildPhase section */
		CDB709EC29888CE100002C96 /* Headers */ = {
			isa = PBXHeadersBuildPhase;
			buildActionMask = 2147483647;
			files = (
			);
			runOnlyForDeploymentPostprocessing = 0;
		};
/* End PBXHeadersBuildPhase section */

/* Begin PBXNativeTarget section */
		CDB709F029888CE100002C96 /* TennisTrackerEngine */ = {
			isa = PBXNativeTarget;
			buildConfigurationList = CDB70A0329888CE200002C96 /* Build configuration list for PBXNativeTarget "TennisTrackerEngine" */;
			buildPhases = (
				CDB709EC29888CE100002C96 /* Headers */,
				CDB709ED29888CE100002C96 /* Sources */,
				CDB709EE29888CE100002C96 /* Frameworks */,
				CDB709EF29888CE100002C96 /* Resources */,
				CDE86CC32995542C000A68F7 /* ShellScript */,
			);
			buildRules = (
			);
			dependencies = (
			);
			name = TennisTrackerEngine;
			productName = TennisTrackerEngine;
			productReference = CDB709F129888CE100002C96 /* TennisTrackerEngine.framework */;
			productType = "com.apple.product-type.framework";
		};
		CDB709F829888CE200002C96 /* TennisTrackerEngineTests */ = {
			isa = PBXNativeTarget;
			buildConfigurationList = CDB70A0629888CE200002C96 /* Build configuration list for PBXNativeTarget "TennisTrackerEngineTests" */;
			buildPhases = (
				CDB709F529888CE200002C96 /* Sources */,
				CDB709F629888CE200002C96 /* Frameworks */,
				CDB709F729888CE200002C96 /* Resources */,
			);
			buildRules = (
			);
			dependencies = (
				CDB709FC29888CE200002C96 /* PBXTargetDependency */,
			);
			name = TennisTrackerEngineTests;
			productName = TennisTrackerEngineTests;
			productReference = CDB709F929888CE200002C96 /* TennisTrackerEngineTests.xctest */;
			productType = "com.apple.product-type.bundle.unit-test";
		};
/* End PBXNativeTarget section */

/* Begin PBXProject section */
		CDB709E829888CE100002C96 /* Project object */ = {
			isa = PBXProject;
			attributes = {
				BuildIndependentTargetsInParallel = 1;
				LastSwiftUpdateCheck = 1400;
				LastUpgradeCheck = 1400;
				TargetAttributes = {
					CDB709F029888CE100002C96 = {
						CreatedOnToolsVersion = 14.0.1;
						LastSwiftMigration = 1400;
					};
					CDB709F829888CE200002C96 = {
						CreatedOnToolsVersion = 14.0.1;
						LastSwiftMigration = 1400;
					};
				};
			};
			buildConfigurationList = CDB709EB29888CE100002C96 /* Build configuration list for PBXProject "TennisTrackerEngine" */;
			compatibilityVersion = "Xcode 14.0";
			developmentRegion = en;
			hasScannedForEncodings = 0;
			knownRegions = (
				en,
				Base,
			);
			mainGroup = CDB709E729888CE100002C96;
			productRefGroup = CDB709F229888CE100002C96 /* Products */;
			projectDirPath = "";
			projectRoot = "";
			targets = (
				CDB709F029888CE100002C96 /* TennisTrackerEngine */,
				CDB709F829888CE200002C96 /* TennisTrackerEngineTests */,
			);
		};
/* End PBXProject section */

/* Begin PBXResourcesBuildPhase section */
		CDB709EF29888CE100002C96 /* Resources */ = {
			isa = PBXResourcesBuildPhase;
			buildActionMask = 2147483647;
			files = (
			);
			runOnlyForDeploymentPostprocessing = 0;
		};
		CDB709F729888CE200002C96 /* Resources */ = {
			isa = PBXResourcesBuildPhase;
			buildActionMask = 2147483647;
			files = (
			);
			runOnlyForDeploymentPostprocessing = 0;
		};
/* End PBXResourcesBuildPhase section */

/* Begin PBXShellScriptBuildPhase section */
		CDE86CC32995542C000A68F7 /* ShellScript */ = {
			isa = PBXShellScriptBuildPhase;
			alwaysOutOfDate = 1;
			buildActionMask = 2147483647;
			files = (
			);
			inputFileListPaths = (
			);
			inputPaths = (
			);
			outputFileListPaths = (
			);
			outputPaths = (
			);
			runOnlyForDeploymentPostprocessing = 0;
			shellPath = /bin/sh;
			shellScript = "if which swiftlint >/dev/null; then\n  swiftlint\nelse\n  echo \"Warning: SwiftLint not installed\"\nfi\n";
		};
/* End PBXShellScriptBuildPhase section */

/* Begin PBXSourcesBuildPhase section */
		CDB709ED29888CE100002C96 /* Sources */ = {
			isa = PBXSourcesBuildPhase;
			buildActionMask = 2147483647;
			files = (
				CD75903B298F502E00303CAF /* MatchSetType.swift in Sources */,
				CD95D415298C917D00037F68 /* Set.swift in Sources */,
				CD95D417298C919300037F68 /* Game.swift in Sources */,
				CD7590412991B7A200303CAF /* SetSummary.swift in Sources */,
				CD95D419298C91B700037F68 /* GamePoint.swift in Sources */,
				CD95D413298C915B00037F68 /* MatchOptions.swift in Sources */,
				CD95D428298C9CE300037F68 /* TieBreak.swift in Sources */,
				CD95D411298C913900037F68 /* Match.swift in Sources */,
				CD75903E298F544200303CAF /* Player.swift in Sources */,
				CD95D430298D864100037F68 /* ServiceType.swift in Sources */,
			);
			runOnlyForDeploymentPostprocessing = 0;
		};
		CDB709F529888CE200002C96 /* Sources */ = {
			isa = PBXSourcesBuildPhase;
			buildActionMask = 2147483647;
			files = (
				CD95D426298C9C1200037F68 /* TieBreakTests.swift in Sources */,
				CDB70A0A29888DC000002C96 /* GameTests.swift in Sources */,
				CDB70A0C29888E3700002C96 /* MatchTests.swift in Sources */,
				CD95D424298C96FF00037F68 /* SetTests.swift in Sources */,
				CD95D41B298C920000037F68 /* GamePointTests.swift in Sources */,
				CD95D41D298C925D00037F68 /* MatchOptionsTests.swift in Sources */,
			);
			runOnlyForDeploymentPostprocessing = 0;
		};
/* End PBXSourcesBuildPhase section */

/* Begin PBXTargetDependency section */
		CDB709FC29888CE200002C96 /* PBXTargetDependency */ = {
			isa = PBXTargetDependency;
			target = CDB709F029888CE100002C96 /* TennisTrackerEngine */;
			targetProxy = CDB709FB29888CE200002C96 /* PBXContainerItemProxy */;
		};
/* End PBXTargetDependency section */

/* Begin XCBuildConfiguration section */
		CDB70A0129888CE200002C96 /* Debug */ = {
			isa = XCBuildConfiguration;
			buildSettings = {
				ALWAYS_SEARCH_USER_PATHS = NO;
				CLANG_ANALYZER_NONNULL = YES;
				CLANG_ANALYZER_NUMBER_OBJECT_CONVERSION = YES_AGGRESSIVE;
				CLANG_CXX_LANGUAGE_STANDARD = "gnu++20";
				CLANG_ENABLE_MODULES = YES;
				CLANG_ENABLE_OBJC_ARC = YES;
				CLANG_ENABLE_OBJC_WEAK = YES;
				CLANG_WARN_BLOCK_CAPTURE_AUTORELEASING = YES;
				CLANG_WARN_BOOL_CONVERSION = YES;
				CLANG_WARN_COMMA = YES;
				CLANG_WARN_CONSTANT_CONVERSION = YES;
				CLANG_WARN_DEPRECATED_OBJC_IMPLEMENTATIONS = YES;
				CLANG_WARN_DIRECT_OBJC_ISA_USAGE = YES_ERROR;
				CLANG_WARN_DOCUMENTATION_COMMENTS = YES;
				CLANG_WARN_EMPTY_BODY = YES;
				CLANG_WARN_ENUM_CONVERSION = YES;
				CLANG_WARN_INFINITE_RECURSION = YES;
				CLANG_WARN_INT_CONVERSION = YES;
				CLANG_WARN_NON_LITERAL_NULL_CONVERSION = YES;
				CLANG_WARN_OBJC_IMPLICIT_RETAIN_SELF = YES;
				CLANG_WARN_OBJC_LITERAL_CONVERSION = YES;
				CLANG_WARN_OBJC_ROOT_CLASS = YES_ERROR;
				CLANG_WARN_QUOTED_INCLUDE_IN_FRAMEWORK_HEADER = YES;
				CLANG_WARN_RANGE_LOOP_ANALYSIS = YES;
				CLANG_WARN_STRICT_PROTOTYPES = YES;
				CLANG_WARN_SUSPICIOUS_MOVE = YES;
				CLANG_WARN_UNGUARDED_AVAILABILITY = YES_AGGRESSIVE;
				CLANG_WARN_UNREACHABLE_CODE = YES;
				CLANG_WARN__DUPLICATE_METHOD_MATCH = YES;
				COPY_PHASE_STRIP = NO;
				CURRENT_PROJECT_VERSION = 1;
				DEBUG_INFORMATION_FORMAT = dwarf;
				ENABLE_STRICT_OBJC_MSGSEND = YES;
				ENABLE_TESTABILITY = YES;
				GCC_C_LANGUAGE_STANDARD = gnu11;
				GCC_DYNAMIC_NO_PIC = NO;
				GCC_NO_COMMON_BLOCKS = YES;
				GCC_OPTIMIZATION_LEVEL = 0;
				GCC_PREPROCESSOR_DEFINITIONS = (
					"DEBUG=1",
					"$(inherited)",
				);
				GCC_WARN_64_TO_32_BIT_CONVERSION = YES;
				GCC_WARN_ABOUT_RETURN_TYPE = YES_ERROR;
				GCC_WARN_UNDECLARED_SELECTOR = YES;
				GCC_WARN_UNINITIALIZED_AUTOS = YES_AGGRESSIVE;
				GCC_WARN_UNUSED_FUNCTION = YES;
				GCC_WARN_UNUSED_VARIABLE = YES;
				MACOSX_DEPLOYMENT_TARGET = 12.3;
				MTL_ENABLE_DEBUG_INFO = INCLUDE_SOURCE;
				MTL_FAST_MATH = YES;
				ONLY_ACTIVE_ARCH = YES;
				SDKROOT = macosx;
				SWIFT_ACTIVE_COMPILATION_CONDITIONS = DEBUG;
				SWIFT_OPTIMIZATION_LEVEL = "-Onone";
				VERSIONING_SYSTEM = "apple-generic";
				VERSION_INFO_PREFIX = "";
			};
			name = Debug;
		};
		CDB70A0229888CE200002C96 /* Release */ = {
			isa = XCBuildConfiguration;
			buildSettings = {
				ALWAYS_SEARCH_USER_PATHS = NO;
				CLANG_ANALYZER_NONNULL = YES;
				CLANG_ANALYZER_NUMBER_OBJECT_CONVERSION = YES_AGGRESSIVE;
				CLANG_CXX_LANGUAGE_STANDARD = "gnu++20";
				CLANG_ENABLE_MODULES = YES;
				CLANG_ENABLE_OBJC_ARC = YES;
				CLANG_ENABLE_OBJC_WEAK = YES;
				CLANG_WARN_BLOCK_CAPTURE_AUTORELEASING = YES;
				CLANG_WARN_BOOL_CONVERSION = YES;
				CLANG_WARN_COMMA = YES;
				CLANG_WARN_CONSTANT_CONVERSION = YES;
				CLANG_WARN_DEPRECATED_OBJC_IMPLEMENTATIONS = YES;
				CLANG_WARN_DIRECT_OBJC_ISA_USAGE = YES_ERROR;
				CLANG_WARN_DOCUMENTATION_COMMENTS = YES;
				CLANG_WARN_EMPTY_BODY = YES;
				CLANG_WARN_ENUM_CONVERSION = YES;
				CLANG_WARN_INFINITE_RECURSION = YES;
				CLANG_WARN_INT_CONVERSION = YES;
				CLANG_WARN_NON_LITERAL_NULL_CONVERSION = YES;
				CLANG_WARN_OBJC_IMPLICIT_RETAIN_SELF = YES;
				CLANG_WARN_OBJC_LITERAL_CONVERSION = YES;
				CLANG_WARN_OBJC_ROOT_CLASS = YES_ERROR;
				CLANG_WARN_QUOTED_INCLUDE_IN_FRAMEWORK_HEADER = YES;
				CLANG_WARN_RANGE_LOOP_ANALYSIS = YES;
				CLANG_WARN_STRICT_PROTOTYPES = YES;
				CLANG_WARN_SUSPICIOUS_MOVE = YES;
				CLANG_WARN_UNGUARDED_AVAILABILITY = YES_AGGRESSIVE;
				CLANG_WARN_UNREACHABLE_CODE = YES;
				CLANG_WARN__DUPLICATE_METHOD_MATCH = YES;
				COPY_PHASE_STRIP = NO;
				CURRENT_PROJECT_VERSION = 1;
				DEBUG_INFORMATION_FORMAT = "dwarf-with-dsym";
				ENABLE_NS_ASSERTIONS = NO;
				ENABLE_STRICT_OBJC_MSGSEND = YES;
				GCC_C_LANGUAGE_STANDARD = gnu11;
				GCC_NO_COMMON_BLOCKS = YES;
				GCC_WARN_64_TO_32_BIT_CONVERSION = YES;
				GCC_WARN_ABOUT_RETURN_TYPE = YES_ERROR;
				GCC_WARN_UNDECLARED_SELECTOR = YES;
				GCC_WARN_UNINITIALIZED_AUTOS = YES_AGGRESSIVE;
				GCC_WARN_UNUSED_FUNCTION = YES;
				GCC_WARN_UNUSED_VARIABLE = YES;
				MACOSX_DEPLOYMENT_TARGET = 12.3;
				MTL_ENABLE_DEBUG_INFO = NO;
				MTL_FAST_MATH = YES;
				SDKROOT = macosx;
				SWIFT_COMPILATION_MODE = wholemodule;
				SWIFT_OPTIMIZATION_LEVEL = "-O";
				VERSIONING_SYSTEM = "apple-generic";
				VERSION_INFO_PREFIX = "";
			};
			name = Release;
		};
		CDB70A0429888CE200002C96 /* Debug */ = {
			isa = XCBuildConfiguration;
			buildSettings = {
				CLANG_ENABLE_MODULES = YES;
				CODE_SIGN_STYLE = Automatic;
				COMBINE_HIDPI_IMAGES = YES;
				CURRENT_PROJECT_VERSION = 1;
				DEFINES_MODULE = YES;
				DEVELOPMENT_TEAM = 52PJAVGKPQ;
				DYLIB_COMPATIBILITY_VERSION = 1;
				DYLIB_CURRENT_VERSION = 1;
				DYLIB_INSTALL_NAME_BASE = "@rpath";
				GENERATE_INFOPLIST_FILE = YES;
				INFOPLIST_KEY_NSHumanReadableCopyright = "";
				INSTALL_PATH = "$(LOCAL_LIBRARY_DIR)/Frameworks";
				LD_RUNPATH_SEARCH_PATHS = (
					"$(inherited)",
					"@executable_path/../Frameworks",
					"@loader_path/Frameworks",
				);
				MARKETING_VERSION = 1.0;
				PRODUCT_BUNDLE_IDENTIFIER = com.drsoft.TennisTrackerEngine;
				PRODUCT_NAME = "$(TARGET_NAME:c99extidentifier)";
				SKIP_INSTALL = YES;
				SWIFT_EMIT_LOC_STRINGS = YES;
				SWIFT_OPTIMIZATION_LEVEL = "-Onone";
				SWIFT_VERSION = 5.0;
			};
			name = Debug;
		};
		CDB70A0529888CE200002C96 /* Release */ = {
			isa = XCBuildConfiguration;
			buildSettings = {
				CLANG_ENABLE_MODULES = YES;
				CODE_SIGN_STYLE = Automatic;
				COMBINE_HIDPI_IMAGES = YES;
				CURRENT_PROJECT_VERSION = 1;
				DEFINES_MODULE = YES;
				DEVELOPMENT_TEAM = 52PJAVGKPQ;
				DYLIB_COMPATIBILITY_VERSION = 1;
				DYLIB_CURRENT_VERSION = 1;
				DYLIB_INSTALL_NAME_BASE = "@rpath";
				GENERATE_INFOPLIST_FILE = YES;
				INFOPLIST_KEY_NSHumanReadableCopyright = "";
				INSTALL_PATH = "$(LOCAL_LIBRARY_DIR)/Frameworks";
				LD_RUNPATH_SEARCH_PATHS = (
					"$(inherited)",
					"@executable_path/../Frameworks",
					"@loader_path/Frameworks",
				);
				MARKETING_VERSION = 1.0;
				PRODUCT_BUNDLE_IDENTIFIER = com.drsoft.TennisTrackerEngine;
				PRODUCT_NAME = "$(TARGET_NAME:c99extidentifier)";
				SKIP_INSTALL = YES;
				SWIFT_EMIT_LOC_STRINGS = YES;
				SWIFT_VERSION = 5.0;
			};
			name = Release;
		};
		CDB70A0729888CE200002C96 /* Debug */ = {
			isa = XCBuildConfiguration;
			buildSettings = {
				ALWAYS_EMBED_SWIFT_STANDARD_LIBRARIES = YES;
				CLANG_ENABLE_MODULES = YES;
				CODE_SIGN_STYLE = Automatic;
				CURRENT_PROJECT_VERSION = 1;
				DEVELOPMENT_TEAM = 52PJAVGKPQ;
				GENERATE_INFOPLIST_FILE = YES;
				LD_RUNPATH_SEARCH_PATHS = (
					"$(inherited)",
					"@executable_path/../Frameworks",
					"@loader_path/../Frameworks",
				);
				MARKETING_VERSION = 1.0;
				PRODUCT_BUNDLE_IDENTIFIER = com.drsoft.TennisTrackerEngineTests;
				PRODUCT_NAME = "$(TARGET_NAME)";
				SWIFT_EMIT_LOC_STRINGS = NO;
				SWIFT_OPTIMIZATION_LEVEL = "-Onone";
				SWIFT_VERSION = 5.0;
			};
			name = Debug;
		};
		CDB70A0829888CE200002C96 /* Release */ = {
			isa = XCBuildConfiguration;
			buildSettings = {
				ALWAYS_EMBED_SWIFT_STANDARD_LIBRARIES = YES;
				CLANG_ENABLE_MODULES = YES;
				CODE_SIGN_STYLE = Automatic;
				CURRENT_PROJECT_VERSION = 1;
				DEVELOPMENT_TEAM = 52PJAVGKPQ;
				GENERATE_INFOPLIST_FILE = YES;
				LD_RUNPATH_SEARCH_PATHS = (
					"$(inherited)",
					"@executable_path/../Frameworks",
					"@loader_path/../Frameworks",
				);
				MARKETING_VERSION = 1.0;
				PRODUCT_BUNDLE_IDENTIFIER = com.drsoft.TennisTrackerEngineTests;
				PRODUCT_NAME = "$(TARGET_NAME)";
				SWIFT_EMIT_LOC_STRINGS = NO;
				SWIFT_VERSION = 5.0;
			};
			name = Release;
		};
/* End XCBuildConfiguration section */

/* Begin XCConfigurationList section */
		CDB709EB29888CE100002C96 /* Build configuration list for PBXProject "TennisTrackerEngine" */ = {
			isa = XCConfigurationList;
			buildConfigurations = (
				CDB70A0129888CE200002C96 /* Debug */,
				CDB70A0229888CE200002C96 /* Release */,
			);
			defaultConfigurationIsVisible = 0;
			defaultConfigurationName = Release;
		};
		CDB70A0329888CE200002C96 /* Build configuration list for PBXNativeTarget "TennisTrackerEngine" */ = {
			isa = XCConfigurationList;
			buildConfigurations = (
				CDB70A0429888CE200002C96 /* Debug */,
				CDB70A0529888CE200002C96 /* Release */,
			);
			defaultConfigurationIsVisible = 0;
			defaultConfigurationName = Release;
		};
		CDB70A0629888CE200002C96 /* Build configuration list for PBXNativeTarget "TennisTrackerEngineTests" */ = {
			isa = XCConfigurationList;
			buildConfigurations = (
				CDB70A0729888CE200002C96 /* Debug */,
				CDB70A0829888CE200002C96 /* Release */,
			);
			defaultConfigurationIsVisible = 0;
			defaultConfigurationName = Release;
		};
/* End XCConfigurationList section */
	};
	rootObject = CDB709E829888CE100002C96 /* Project object */;
}
